
Microsoft Visual Studio Solution File, Format Version 12.00
# Visual Studio 15
VisualStudioVersion = 15.0.27004.2006
MinimumVisualStudioVersion = 10.0.40219.1
Project("{FAE04EC0-301F-11D3-BF4B-00C04F79EFBC}") = "IITAzureWorkshop.Web", "IITAzureWorkshop.Web\IITAzureWorkshop.Web.csproj", "{CCE293A6-5E71-4D5E-9D89-5C1F611587B9}"
EndProject
Project("{FAE04EC0-301F-11D3-BF4B-00C04F79EFBC}") = "IITAzureWorkshop.Functions", "IITAzureWorkshop.Functions\IITAzureWorkshop.Functions.csproj", "{5F3BD7C2-EED0-4FA0-893E-49FB2F79C96E}"
EndProject
Global
	GlobalSection(SolutionConfigurationPlatforms) = preSolution
		Debug|Any CPU = Debug|Any CPU
		Release|Any CPU = Release|Any CPU
	EndGlobalSection
	GlobalSection(ProjectConfigurationPlatforms) = postSolution
		{CCE293A6-5E71-4D5E-9D89-5C1F611587B9}.Debug|Any CPU.ActiveCfg = Debug|Any CPU
		{CCE293A6-5E71-4D5E-9D89-5C1F611587B9}.Debug|Any CPU.Build.0 = Debug|Any CPU
		{CCE293A6-5E71-4D5E-9D89-5C1F611587B9}.Release|Any CPU.ActiveCfg = Release|Any CPU
		{CCE293A6-5E71-4D5E-9D89-5C1F611587B9}.Release|Any CPU.Build.0 = Release|Any CPU
		{5F3BD7C2-EED0-4FA0-893E-49FB2F79C96E}.Debug|Any CPU.ActiveCfg = Debug|Any CPU
		{5F3BD7C2-EED0-4FA0-893E-49FB2F79C96E}.Debug|Any CPU.Build.0 = Debug|Any CPU
		{5F3BD7C2-EED0-4FA0-893E-49FB2F79C96E}.Release|Any CPU.ActiveCfg = Release|Any CPU
		{5F3BD7C2-EED0-4FA0-893E-49FB2F79C96E}.Release|Any CPU.Build.0 = Release|Any CPU
	EndGlobalSection
	GlobalSection(SolutionProperties) = preSolution
		HideSolutionNode = FALSE
	EndGlobalSection
	GlobalSection(ExtensibilityGlobals) = postSolution
		SolutionGuid = {58FB8C82-A00C-474E-8091-77113746498F}
	EndGlobalSection
EndGlobal
